
Microsoft Visual Studio Solution File, Format Version 12.00
# Visual Studio Version 17
VisualStudioVersion = 17.6.33723.286
MinimumVisualStudioVersion = 10.0.40219.1
Project("{9A19103F-16F7-4668-BE54-9A1E7A4F7556}") = "ParcelSorting1", "ParcelSorting1\ParcelSorting1.csproj", "{68AB9B13-C894-4F1A-AA7C-606A362F0621}"
EndProject
Project("{FAE04EC0-301F-11D3-BF4B-00C04F79EFBC}") = "BoxSortingLine.Test", "BoxSortingLine.Test\BoxSortingLine.Test.csproj", "{FAB04B35-D557-411C-A1FD-49B100966BAB}"
EndProject
Global
	GlobalSection(SolutionConfigurationPlatforms) = preSolution
		Debug|Any CPU = Debug|Any CPU
		Release|Any CPU = Release|Any CPU
	EndGlobalSection
	GlobalSection(ProjectConfigurationPlatforms) = postSolution
		{68AB9B13-C894-4F1A-AA7C-606A362F0621}.Debug|Any CPU.ActiveCfg = Debug|Any CPU
		{68AB9B13-C894-4F1A-AA7C-606A362F0621}.Debug|Any CPU.Build.0 = Debug|Any CPU
		{68AB9B13-C894-4F1A-AA7C-606A362F0621}.Release|Any CPU.ActiveCfg = Release|Any CPU
		{68AB9B13-C894-4F1A-AA7C-606A362F0621}.Release|Any CPU.Build.0 = Release|Any CPU
		{FAB04B35-D557-411C-A1FD-49B100966BAB}.Debug|Any CPU.ActiveCfg = Debug|Any CPU
		{FAB04B35-D557-411C-A1FD-49B100966BAB}.Debug|Any CPU.Build.0 = Debug|Any CPU
		{FAB04B35-D557-411C-A1FD-49B100966BAB}.Release|Any CPU.ActiveCfg = Release|Any CPU
		{FAB04B35-D557-411C-A1FD-49B100966BAB}.Release|Any CPU.Build.0 = Release|Any CPU
	EndGlobalSection
	GlobalSection(SolutionProperties) = preSolution
		HideSolutionNode = FALSE
	EndGlobalSection
	GlobalSection(ExtensibilityGlobals) = postSolution
		SolutionGuid = {2ED46AAF-5174-4946-9E06-0A08AE09D54D}
	EndGlobalSection
EndGlobal
